// !$*UTF8*$!
{
	archiveVersion = 1;
	classes = {
	};
	objectVersion = 46;
	objects = {

/* Begin PBXBuildFile section */
		96E2B8F51B36E47B0005AFA2 /* main.m in Sources */ = {isa = PBXBuildFile; fileRef = 96E2B8F41B36E47B0005AFA2 /* main.m */; };
		96E2B8F81B36E47B0005AFA2 /* AppDelegate.m in Sources */ = {isa = PBXBuildFile; fileRef = 96E2B8F71B36E47B0005AFA2 /* AppDelegate.m */; };
		96E2B8FB1B36E47B0005AFA2 /* ViewController.m in Sources */ = {isa = PBXBuildFile; fileRef = 96E2B8FA1B36E47B0005AFA2 /* ViewController.m */; };
		96E2B8FE1B36E47B0005AFA2 /* Main.storyboard in Resources */ = {isa = PBXBuildFile; fileRef = 96E2B8FC1B36E47B0005AFA2 /* Main.storyboard */; };
		96E2B9001B36E47B0005AFA2 /* Images.xcassets in Resources */ = {isa = PBXBuildFile; fileRef = 96E2B8FF1B36E47B0005AFA2 /* Images.xcassets */; };
		96E2B9031B36E47B0005AFA2 /* LaunchScreen.xib in Resources */ = {isa = PBXBuildFile; fileRef = 96E2B9011B36E47B0005AFA2 /* LaunchScreen.xib */; };
		96E2B90F1B36E47B0005AFA2 /* JLYTableViewDemoTests.m in Sources */ = {isa = PBXBuildFile; fileRef = 96E2B90E1B36E47B0005AFA2 /* JLYTableViewDemoTests.m */; };
		96E2B9291B36E5670005AFA2 /* datas.plist in Resources */ = {isa = PBXBuildFile; fileRef = 96E2B9281B36E5670005AFA2 /* datas.plist */; };
		96E2B9431B36E63C0005AFA2 /* JLYData.m in Sources */ = {isa = PBXBuildFile; fileRef = 96E2B93A1B36E63C0005AFA2 /* JLYData.m */; };
		96E2B9441B36E63C0005AFA2 /* JLYTableView.m in Sources */ = {isa = PBXBuildFile; fileRef = 96E2B93C1B36E63C0005AFA2 /* JLYTableView.m */; };
		96E2B9451B36E63C0005AFA2 /* JLYTableViewCell.m in Sources */ = {isa = PBXBuildFile; fileRef = 96E2B93E1B36E63C0005AFA2 /* JLYTableViewCell.m */; };
		96E2B9461B36E63C0005AFA2 /* JLYTableViewGlobals.m in Sources */ = {isa = PBXBuildFile; fileRef = 96E2B9401B36E63C0005AFA2 /* JLYTableViewGlobals.m */; };
		96E2B9471B36E63C0005AFA2 /* NSString+Number.m in Sources */ = {isa = PBXBuildFile; fileRef = 96E2B9421B36E63C0005AFA2 /* NSString+Number.m */; };
/* End PBXBuildFile section */

/* Begin PBXContainerItemProxy section */
		96E2B9091B36E47B0005AFA2 /* PBXContainerItemProxy */ = {
			isa = PBXContainerItemProxy;
			containerPortal = 96E2B8E71B36E47B0005AFA2 /* Project object */;
			proxyType = 1;
			remoteGlobalIDString = 96E2B8EE1B36E47B0005AFA2;
			remoteInfo = JLYTableViewDemo;
		};
/* End PBXContainerItemProxy section */

/* Begin PBXFileReference section */
		96E2B8EF1B36E47B0005AFA2 /* JLYTableViewDemo.app */ = {isa = PBXFileReference; explicitFileType = wrapper.application; includeInIndex = 0; path = JLYTableViewDemo.app; sourceTree = BUILT_PRODUCTS_DIR; };
		96E2B8F31B36E47B0005AFA2 /* Info.plist */ = {isa = PBXFileReference; lastKnownFileType = text.plist.xml; path = Info.plist; sourceTree = "<group>"; };
		96E2B8F41B36E47B0005AFA2 /* main.m */ = {isa = PBXFileReference; lastKnownFileType = sourcecode.c.objc; path = main.m; sourceTree = "<group>"; };
		96E2B8F61B36E47B0005AFA2 /* AppDelegate.h */ = {isa = PBXFileReference; lastKnownFileType = sourcecode.c.h; path = AppDelegate.h; sourceTree = "<group>"; };
		96E2B8F71B36E47B0005AFA2 /* AppDelegate.m */ = {isa = PBXFileReference; lastKnownFileType = sourcecode.c.objc; path = AppDelegate.m; sourceTree = "<group>"; };
		96E2B8F91B36E47B0005AFA2 /* ViewController.h */ = {isa = PBXFileReference; lastKnownFileType = sourcecode.c.h; path = ViewController.h; sourceTree = "<group>"; };
		96E2B8FA1B36E47B0005AFA2 /* ViewController.m */ = {isa = PBXFileReference; lastKnownFileType = sourcecode.c.objc; path = ViewController.m; sourceTree = "<group>"; };
		96E2B8FD1B36E47B0005AFA2 /* Base */ = {isa = PBXFileReference; lastKnownFileType = file.storyboard; name = Base; path = Base.lproj/Main.storyboard; sourceTree = "<group>"; };
		96E2B8FF1B36E47B0005AFA2 /* Images.xcassets */ = {isa = PBXFileReference; lastKnownFileType = folder.assetcatalog; path = Images.xcassets; sourceTree = "<group>"; };
		96E2B9021B36E47B0005AFA2 /* Base */ = {isa = PBXFileReference; lastKnownFileType = file.xib; name = Base; path = Base.lproj/LaunchScreen.xib; sourceTree = "<group>"; };
		96E2B9081B36E47B0005AFA2 /* JLYTableViewDemoTests.xctest */ = {isa = PBXFileReference; explicitFileType = wrapper.cfbundle; includeInIndex = 0; path = JLYTableViewDemoTests.xctest; sourceTree = BUILT_PRODUCTS_DIR; };
		96E2B90D1B36E47B0005AFA2 /* Info.plist */ = {isa = PBXFileReference; lastKnownFileType = text.plist.xml; path = Info.plist; sourceTree = "<group>"; };
		96E2B90E1B36E47B0005AFA2 /* JLYTableViewDemoTests.m */ = {isa = PBXFileReference; lastKnownFileType = sourcecode.c.objc; path = JLYTableViewDemoTests.m; sourceTree = "<group>"; };
		96E2B9281B36E5670005AFA2 /* datas.plist */ = {isa = PBXFileReference; fileEncoding = 4; lastKnownFileType = text.plist.xml; path = datas.plist; sourceTree = "<group>"; };
		96E2B9391B36E63C0005AFA2 /* JLYData.h */ = {isa = PBXFileReference; fileEncoding = 4; lastKnownFileType = sourcecode.c.h; name = JLYData.h; path = JLYTableViewDemo/JLYData.h; sourceTree = "<group>"; };
		96E2B93A1B36E63C0005AFA2 /* JLYData.m */ = {isa = PBXFileReference; fileEncoding = 4; lastKnownFileType = sourcecode.c.objc; name = JLYData.m; path = JLYTableViewDemo/JLYData.m; sourceTree = "<group>"; };
		96E2B93B1B36E63C0005AFA2 /* JLYTableView.h */ = {isa = PBXFileReference; fileEncoding = 4; lastKnownFileType = sourcecode.c.h; name = JLYTableView.h; path = JLYTableViewDemo/JLYTableView.h; sourceTree = "<group>"; };
		96E2B93C1B36E63C0005AFA2 /* JLYTableView.m */ = {isa = PBXFileReference; fileEncoding = 4; lastKnownFileType = sourcecode.c.objc; name = JLYTableView.m; path = JLYTableViewDemo/JLYTableView.m; sourceTree = "<group>"; };
		96E2B93D1B36E63C0005AFA2 /* JLYTableViewCell.h */ = {isa = PBXFileReference; fileEncoding = 4; lastKnownFileType = sourcecode.c.h; name = JLYTableViewCell.h; path = JLYTableViewDemo/JLYTableViewCell.h; sourceTree = "<group>"; };
		96E2B93E1B36E63C0005AFA2 /* JLYTableViewCell.m */ = {isa = PBXFileReference; fileEncoding = 4; lastKnownFileType = sourcecode.c.objc; name = JLYTableViewCell.m; path = JLYTableViewDemo/JLYTableViewCell.m; sourceTree = "<group>"; };
		96E2B93F1B36E63C0005AFA2 /* JLYTableViewGlobals.h */ = {isa = PBXFileReference; fileEncoding = 4; lastKnownFileType = sourcecode.c.h; name = JLYTableViewGlobals.h; path = JLYTableViewDemo/JLYTableViewGlobals.h; sourceTree = "<group>"; };
		96E2B9401B36E63C0005AFA2 /* JLYTableViewGlobals.m */ = {isa = PBXFileReference; fileEncoding = 4; lastKnownFileType = sourcecode.c.objc; name = JLYTableViewGlobals.m; path = JLYTableViewDemo/JLYTableViewGlobals.m; sourceTree = "<group>"; };
		96E2B9411B36E63C0005AFA2 /* NSString+Number.h */ = {isa = PBXFileReference; fileEncoding = 4; lastKnownFileType = sourcecode.c.h; name = "NSString+Number.h"; path = "JLYTableViewDemo/NSString+Number.h"; sourceTree = "<group>"; };
		96E2B9421B36E63C0005AFA2 /* NSString+Number.m */ = {isa = PBXFileReference; fileEncoding = 4; lastKnownFileType = sourcecode.c.objc; name = "NSString+Number.m"; path = "JLYTableViewDemo/NSString+Number.m"; sourceTree = "<group>"; };
/* End PBXFileReference section */

/* Begin PBXFrameworksBuildPhase section */
		96E2B8EC1B36E47B0005AFA2 /* Frameworks */ = {
			isa = PBXFrameworksBuildPhase;
			buildActionMask = 2147483647;
			files = (
			);
			runOnlyForDeploymentPostprocessing = 0;
		};
		96E2B9051B36E47B0005AFA2 /* Frameworks */ = {
			isa = PBXFrameworksBuildPhase;
			buildActionMask = 2147483647;
			files = (
			);
			runOnlyForDeploymentPostprocessing = 0;
		};
/* End PBXFrameworksBuildPhase section */

/* Begin PBXGroup section */
		96E2B8E61B36E47B0005AFA2 = {
			isa = PBXGroup;
			children = (
				96E2B8F11B36E47B0005AFA2 /* JLYTableViewDemo */,
				96E2B90B1B36E47B0005AFA2 /* JLYTableViewDemoTests */,
				96E2B8F01B36E47B0005AFA2 /* Products */,
			);
			sourceTree = "<group>";
		};
		96E2B8F01B36E47B0005AFA2 /* Products */ = {
			isa = PBXGroup;
			children = (
				96E2B8EF1B36E47B0005AFA2 /* JLYTableViewDemo.app */,
				96E2B9081B36E47B0005AFA2 /* JLYTableViewDemoTests.xctest */,
			);
			name = Products;
			sourceTree = "<group>";
		};
		96E2B8F11B36E47B0005AFA2 /* JLYTableViewDemo */ = {
			isa = PBXGroup;
			children = (
				96E2B9181B36E48C0005AFA2 /* JLYTableView */,
				96E2B8F61B36E47B0005AFA2 /* AppDelegate.h */,
				96E2B8F71B36E47B0005AFA2 /* AppDelegate.m */,
				96E2B8F91B36E47B0005AFA2 /* ViewController.h */,
				96E2B8FA1B36E47B0005AFA2 /* ViewController.m */,
				96E2B8FC1B36E47B0005AFA2 /* Main.storyboard */,
				96E2B8FF1B36E47B0005AFA2 /* Images.xcassets */,
				96E2B9011B36E47B0005AFA2 /* LaunchScreen.xib */,
				96E2B8F21B36E47B0005AFA2 /* Supporting Files */,
			);
			path = JLYTableViewDemo;
			sourceTree = "<group>";
		};
		96E2B8F21B36E47B0005AFA2 /* Supporting Files */ = {
			isa = PBXGroup;
			children = (
				96E2B9281B36E5670005AFA2 /* datas.plist */,
				96E2B8F31B36E47B0005AFA2 /* Info.plist */,
				96E2B8F41B36E47B0005AFA2 /* main.m */,
			);
			name = "Supporting Files";
			sourceTree = "<group>";
		};
		96E2B90B1B36E47B0005AFA2 /* JLYTableViewDemoTests */ = {
			isa = PBXGroup;
			children = (
				96E2B90E1B36E47B0005AFA2 /* JLYTableViewDemoTests.m */,
				96E2B90C1B36E47B0005AFA2 /* Supporting Files */,
			);
			path = JLYTableViewDemoTests;
			sourceTree = "<group>";
		};
		96E2B90C1B36E47B0005AFA2 /* Supporting Files */ = {
			isa = PBXGroup;
			children = (
				96E2B90D1B36E47B0005AFA2 /* Info.plist */,
			);
			name = "Supporting Files";
			sourceTree = "<group>";
		};
		96E2B9181B36E48C0005AFA2 /* JLYTableView */ = {
			isa = PBXGroup;
			children = (
				96E2B93F1B36E63C0005AFA2 /* JLYTableViewGlobals.h */,
				96E2B9401B36E63C0005AFA2 /* JLYTableViewGlobals.m */,
				96E2B9411B36E63C0005AFA2 /* NSString+Number.h */,
				96E2B9421B36E63C0005AFA2 /* NSString+Number.m */,
				96E2B9391B36E63C0005AFA2 /* JLYData.h */,
				96E2B93A1B36E63C0005AFA2 /* JLYData.m */,
				96E2B93D1B36E63C0005AFA2 /* JLYTableViewCell.h */,
				96E2B93E1B36E63C0005AFA2 /* JLYTableViewCell.m */,
				96E2B93B1B36E63C0005AFA2 /* JLYTableView.h */,
				96E2B93C1B36E63C0005AFA2 /* JLYTableView.m */,
			);
			name = JLYTableView;
			path = ..;
			sourceTree = "<group>";
		};
/* End PBXGroup section */

/* Begin PBXNativeTarget section */
		96E2B8EE1B36E47B0005AFA2 /* JLYTableViewDemo */ = {
			isa = PBXNativeTarget;
			buildConfigurationList = 96E2B9121B36E47B0005AFA2 /* Build configuration list for PBXNativeTarget "JLYTableViewDemo" */;
			buildPhases = (
				96E2B8EB1B36E47B0005AFA2 /* Sources */,
				96E2B8EC1B36E47B0005AFA2 /* Frameworks */,
				96E2B8ED1B36E47B0005AFA2 /* Resources */,
			);
			buildRules = (
			);
			dependencies = (
			);
			name = JLYTableViewDemo;
			productName = JLYTableViewDemo;
			productReference = 96E2B8EF1B36E47B0005AFA2 /* JLYTableViewDemo.app */;
			productType = "com.apple.product-type.application";
		};
		96E2B9071B36E47B0005AFA2 /* JLYTableViewDemoTests */ = {
			isa = PBXNativeTarget;
			buildConfigurationList = 96E2B9151B36E47B0005AFA2 /* Build configuration list for PBXNativeTarget "JLYTableViewDemoTests" */;
			buildPhases = (
				96E2B9041B36E47B0005AFA2 /* Sources */,
				96E2B9051B36E47B0005AFA2 /* Frameworks */,
				96E2B9061B36E47B0005AFA2 /* Resources */,
			);
			buildRules = (
			);
			dependencies = (
				96E2B90A1B36E47B0005AFA2 /* PBXTargetDependency */,
			);
			name = JLYTableViewDemoTests;
			productName = JLYTableViewDemoTests;
			productReference = 96E2B9081B36E47B0005AFA2 /* JLYTableViewDemoTests.xctest */;
			productType = "com.apple.product-type.bundle.unit-test";
		};
/* End PBXNativeTarget section */

/* Begin PBXProject section */
		96E2B8E71B36E47B0005AFA2 /* Project object */ = {
			isa = PBXProject;
			attributes = {
				LastUpgradeCheck = 0630;
				ORGANIZATIONNAME = LingyuJi;
				TargetAttributes = {
					96E2B8EE1B36E47B0005AFA2 = {
						CreatedOnToolsVersion = 6.3.2;
					};
					96E2B9071B36E47B0005AFA2 = {
						CreatedOnToolsVersion = 6.3.2;
						TestTargetID = 96E2B8EE1B36E47B0005AFA2;
					};
				};
			};
			buildConfigurationList = 96E2B8EA1B36E47B0005AFA2 /* Build configuration list for PBXProject "JLYTableViewDemo" */;
			compatibilityVersion = "Xcode 3.2";
			developmentRegion = English;
			hasScannedForEncodings = 0;
			knownRegions = (
				en,
				Base,
			);
			mainGroup = 96E2B8E61B36E47B0005AFA2;
			productRefGroup = 96E2B8F01B36E47B0005AFA2 /* Products */;
			projectDirPath = "";
			projectRoot = "";
			targets = (
				96E2B8EE1B36E47B0005AFA2 /* JLYTableViewDemo */,
				96E2B9071B36E47B0005AFA2 /* JLYTableViewDemoTests */,
			);
		};
/* End PBXProject section */

/* Begin PBXResourcesBuildPhase section */
		96E2B8ED1B36E47B0005AFA2 /* Resources */ = {
			isa = PBXResourcesBuildPhase;
			buildActionMask = 2147483647;
			files = (
				96E2B8FE1B36E47B0005AFA2 /* Main.storyboard in Resources */,
				96E2B9031B36E47B0005AFA2 /* LaunchScreen.xib in Resources */,
				96E2B9291B36E5670005AFA2 /* datas.plist in Resources */,
				96E2B9001B36E47B0005AFA2 /* Images.xcassets in Resources */,
			);
			runOnlyForDeploymentPostprocessing = 0;
		};
		96E2B9061B36E47B0005AFA2 /* Resources */ = {
			isa = PBXResourcesBuildPhase;
			buildActionMask = 2147483647;
			files = (
			);
			runOnlyForDeploymentPostprocessing = 0;
		};
/* End PBXResourcesBuildPhase section */

/* Begin PBXSourcesBuildPhase section */
		96E2B8EB1B36E47B0005AFA2 /* Sources */ = {
			isa = PBXSourcesBuildPhase;
			buildActionMask = 2147483647;
			files = (
				96E2B9471B36E63C0005AFA2 /* NSString+Number.m in Sources */,
				96E2B9461B36E63C0005AFA2 /* JLYTableViewGlobals.m in Sources */,
				96E2B9441B36E63C0005AFA2 /* JLYTableView.m in Sources */,
				96E2B9451B36E63C0005AFA2 /* JLYTableViewCell.m in Sources */,
				96E2B8FB1B36E47B0005AFA2 /* ViewController.m in Sources */,
				96E2B9431B36E63C0005AFA2 /* JLYData.m in Sources */,
				96E2B8F81B36E47B0005AFA2 /* AppDelegate.m in Sources */,
				96E2B8F51B36E47B0005AFA2 /* main.m in Sources */,
			);
			runOnlyForDeploymentPostprocessing = 0;
		};
		96E2B9041B36E47B0005AFA2 /* Sources */ = {
			isa = PBXSourcesBuildPhase;
			buildActionMask = 2147483647;
			files = (
				96E2B90F1B36E47B0005AFA2 /* JLYTableViewDemoTests.m in Sources */,
			);
			runOnlyForDeploymentPostprocessing = 0;
		};
/* End PBXSourcesBuildPhase section */

/* Begin PBXTargetDependency section */
		96E2B90A1B36E47B0005AFA2 /* PBXTargetDependency */ = {
			isa = PBXTargetDependency;
			target = 96E2B8EE1B36E47B0005AFA2 /* JLYTableViewDemo */;
			targetProxy = 96E2B9091B36E47B0005AFA2 /* PBXContainerItemProxy */;
		};
/* End PBXTargetDependency section */

/* Begin PBXVariantGroup section */
		96E2B8FC1B36E47B0005AFA2 /* Main.storyboard */ = {
			isa = PBXVariantGroup;
			children = (
				96E2B8FD1B36E47B0005AFA2 /* Base */,
			);
			name = Main.storyboard;
			sourceTree = "<group>";
		};
		96E2B9011B36E47B0005AFA2 /* LaunchScreen.xib */ = {
			isa = PBXVariantGroup;
			children = (
				96E2B9021B36E47B0005AFA2 /* Base */,
			);
			name = LaunchScreen.xib;
			sourceTree = "<group>";
		};
/* End PBXVariantGroup section */

/* Begin XCBuildConfiguration section */
		96E2B9101B36E47B0005AFA2 /* Debug */ = {
			isa = XCBuildConfiguration;
			buildSettings = {
				ALWAYS_SEARCH_USER_PATHS = NO;
				CLANG_CXX_LANGUAGE_STANDARD = "gnu++0x";
				CLANG_CXX_LIBRARY = "libc++";
				CLANG_ENABLE_MODULES = YES;
				CLANG_ENABLE_OBJC_ARC = YES;
				CLANG_WARN_BOOL_CONVERSION = YES;
				CLANG_WARN_CONSTANT_CONVERSION = YES;
				CLANG_WARN_DIRECT_OBJC_ISA_USAGE = YES_ERROR;
				CLANG_WARN_EMPTY_BODY = YES;
				CLANG_WARN_ENUM_CONVERSION = YES;
				CLANG_WARN_INT_CONVERSION = YES;
				CLANG_WARN_OBJC_ROOT_CLASS = YES_ERROR;
				CLANG_WARN_UNREACHABLE_CODE = YES;
				CLANG_WARN__DUPLICATE_METHOD_MATCH = YES;
				"CODE_SIGN_IDENTITY[sdk=iphoneos*]" = "iPhone Developer";
				COPY_PHASE_STRIP = NO;
				DEBUG_INFORMATION_FORMAT = "dwarf-with-dsym";
				ENABLE_STRICT_OBJC_MSGSEND = YES;
				GCC_C_LANGUAGE_STANDARD = gnu99;
				GCC_DYNAMIC_NO_PIC = NO;
				GCC_NO_COMMON_BLOCKS = YES;
				GCC_OPTIMIZATION_LEVEL = 0;
				GCC_PREPROCESSOR_DEFINITIONS = (
					"DEBUG=1",
					"$(inherited)",
				);
				GCC_SYMBOLS_PRIVATE_EXTERN = NO;
				GCC_WARN_64_TO_32_BIT_CONVERSION = YES;
				GCC_WARN_ABOUT_RETURN_TYPE = YES_ERROR;
				GCC_WARN_UNDECLARED_SELECTOR = YES;
				GCC_WARN_UNINITIALIZED_AUTOS = YES_AGGRESSIVE;
				GCC_WARN_UNUSED_FUNCTION = YES;
				GCC_WARN_UNUSED_VARIABLE = YES;
				IPHONEOS_DEPLOYMENT_TARGET = 8.3;
				MTL_ENABLE_DEBUG_INFO = YES;
				ONLY_ACTIVE_ARCH = YES;
				SDKROOT = iphoneos;
			};
			name = Debug;
		};
		96E2B9111B36E47B0005AFA2 /* Release */ = {
			isa = XCBuildConfiguration;
			buildSettings = {
				ALWAYS_SEARCH_USER_PATHS = NO;
				CLANG_CXX_LANGUAGE_STANDARD = "gnu++0x";
				CLANG_CXX_LIBRARY = "libc++";
				CLANG_ENABLE_MODULES = YES;
				CLANG_ENABLE_OBJC_ARC = YES;
				CLANG_WARN_BOOL_CONVERSION = YES;
				CLANG_WARN_CONSTANT_CONVERSION = YES;
				CLANG_WARN_DIRECT_OBJC_ISA_USAGE = YES_ERROR;
				CLANG_WARN_EMPTY_BODY = YES;
				CLANG_WARN_ENUM_CONVERSION = YES;
				CLANG_WARN_INT_CONVERSION = YES;
				CLANG_WARN_OBJC_ROOT_CLASS = YES_ERROR;
				CLANG_WARN_UNREACHABLE_CODE = YES;
				CLANG_WARN__DUPLICATE_METHOD_MATCH = YES;
				"CODE_SIGN_IDENTITY[sdk=iphoneos*]" = "iPhone Developer";
				COPY_PHASE_STRIP = NO;
				DEBUG_INFORMATION_FORMAT = "dwarf-with-dsym";
				ENABLE_NS_ASSERTIONS = NO;
				ENABLE_STRICT_OBJC_MSGSEND = YES;
				GCC_C_LANGUAGE_STANDARD = gnu99;
				GCC_NO_COMMON_BLOCKS = YES;
				GCC_WARN_64_TO_32_BIT_CONVERSION = YES;
				GCC_WARN_ABOUT_RETURN_TYPE = YES_ERROR;
				GCC_WARN_UNDECLARED_SELECTOR = YES;
				GCC_WARN_UNINITIALIZED_AUTOS = YES_AGGRESSIVE;
				GCC_WARN_UNUSED_FUNCTION = YES;
				GCC_WARN_UNUSED_VARIABLE = YES;
				IPHONEOS_DEPLOYMENT_TARGET = 8.3;
				MTL_ENABLE_DEBUG_INFO = NO;
				SDKROOT = iphoneos;
				VALIDATE_PRODUCT = YES;
			};
			name = Release;
		};
		96E2B9131B36E47B0005AFA2 /* Debug */ = {
			isa = XCBuildConfiguration;
			buildSettings = {
				ASSETCATALOG_COMPILER_APPICON_NAME = AppIcon;
				INFOPLIST_FILE = JLYTableViewDemo/Info.plist;
				LD_RUNPATH_SEARCH_PATHS = "$(inherited) @executable_path/Frameworks";
				PRODUCT_NAME = "$(TARGET_NAME)";
			};
			name = Debug;
		};
		96E2B9141B36E47B0005AFA2 /* Release */ = {
			isa = XCBuildConfiguration;
			buildSettings = {
				ASSETCATALOG_COMPILER_APPICON_NAME = AppIcon;
				INFOPLIST_FILE = JLYTableViewDemo/Info.plist;
				LD_RUNPATH_SEARCH_PATHS = "$(inherited) @executable_path/Frameworks";
				PRODUCT_NAME = "$(TARGET_NAME)";
			};
			name = Release;
		};
		96E2B9161B36E47B0005AFA2 /* Debug */ = {
			isa = XCBuildConfiguration;
			buildSettings = {
				BUNDLE_LOADER = "$(TEST_HOST)";
				FRAMEWORK_SEARCH_PATHS = (
					"$(SDKROOT)/Developer/Library/Frameworks",
					"$(inherited)",
				);
				GCC_PREPROCESSOR_DEFINITIONS = (
					"DEBUG=1",
					"$(inherited)",
				);
				INFOPLIST_FILE = JLYTableViewDemoTests/Info.plist;
				LD_RUNPATH_SEARCH_PATHS = "$(inherited) @executable_path/Frameworks @loader_path/Frameworks";
				PRODUCT_NAME = "$(TARGET_NAME)";
				TEST_HOST = "$(BUILT_PRODUCTS_DIR)/JLYTableViewDemo.app/JLYTableViewDemo";
			};
			name = Debug;
		};
		96E2B9171B36E47B0005AFA2 /* Release */ = {
			isa = XCBuildConfiguration;
			buildSettings = {
				BUNDLE_LOADER = "$(TEST_HOST)";
				FRAMEWORK_SEARCH_PATHS = (
					"$(SDKROOT)/Developer/Library/Frameworks",
					"$(inherited)",
				);
				INFOPLIST_FILE = JLYTableViewDemoTests/Info.plist;
				LD_RUNPATH_SEARCH_PATHS = "$(inherited) @executable_path/Frameworks @loader_path/Frameworks";
				PRODUCT_NAME = "$(TARGET_NAME)";
				TEST_HOST = "$(BUILT_PRODUCTS_DIR)/JLYTableViewDemo.app/JLYTableViewDemo";
			};
			name = Release;
		};
/* End XCBuildConfiguration section */

/* Begin XCConfigurationList section */
		96E2B8EA1B36E47B0005AFA2 /* Build configuration list for PBXProject "JLYTableViewDemo" */ = {
			isa = XCConfigurationList;
			buildConfigurations = (
				96E2B9101B36E47B0005AFA2 /* Debug */,
				96E2B9111B36E47B0005AFA2 /* Release */,
			);
			defaultConfigurationIsVisible = 0;
			defaultConfigurationName = Release;
		};
		96E2B9121B36E47B0005AFA2 /* Build configuration list for PBXNativeTarget "JLYTableViewDemo" */ = {
			isa = XCConfigurationList;
			buildConfigurations = (
				96E2B9131B36E47B0005AFA2 /* Debug */,
				96E2B9141B36E47B0005AFA2 /* Release */,
			);
			defaultConfigurationIsVisible = 0;
		};
		96E2B9151B36E47B0005AFA2 /* Build configuration list for PBXNativeTarget "JLYTableViewDemoTests" */ = {
			isa = XCConfigurationList;
			buildConfigurations = (
				96E2B9161B36E47B0005AFA2 /* Debug */,
				96E2B9171B36E47B0005AFA2 /* Release */,
			);
			defaultConfigurationIsVisible = 0;
		};
/* End XCConfigurationList section */
	};
	rootObject = 96E2B8E71B36E47B0005AFA2 /* Project object */;
}
